
Microsoft Visual Studio Solution File, Format Version 12.00
# Visual Studio Version 17
VisualStudioVersion = 17.8.34330.188
MinimumVisualStudioVersion = 10.0.40219.1
Project("{FAE04EC0-301F-11D3-BF4B-00C04F79EFBC}") = "Milage", "Milage.csproj", "{03B53B98-F18C-487C-895D-BB86D5010922}"
EndProject
Global
	GlobalSection(SolutionConfigurationPlatforms) = preSolution
		Debug|Any CPU = Debug|Any CPU
		Release|Any CPU = Release|Any CPU
	EndGlobalSection
	GlobalSection(ProjectConfigurationPlatforms) = postSolution
		{03B53B98-F18C-487C-895D-BB86D5010922}.Debug|Any CPU.ActiveCfg = Debug|Any CPU
		{03B53B98-F18C-487C-895D-BB86D5010922}.Debug|Any CPU.Build.0 = Debug|Any CPU
		{03B53B98-F18C-487C-895D-BB86D5010922}.Release|Any CPU.ActiveCfg = Release|Any CPU
		{03B53B98-F18C-487C-895D-BB86D5010922}.Release|Any CPU.Build.0 = Release|Any CPU
	EndGlobalSection
	GlobalSection(SolutionProperties) = preSolution
		HideSolutionNode = FALSE
	EndGlobalSection
	GlobalSection(ExtensibilityGlobals) = postSolution
		SolutionGuid = {FD845ED9-201C-49EB-BC91-AA836C65D4D1}
	EndGlobalSection
EndGlobal
